
Microsoft Visual Studio Solution File, Format Version 12.00
# Visual Studio Version 16
VisualStudioVersion = 16.0.29806.167
MinimumVisualStudioVersion = 10.0.40219.1
Project("{FAE04EC0-301F-11D3-BF4B-00C04F79EFBC}") = "TeensyBatExplorer.WPF", "TeensyBatExplorer.WPF\TeensyBatExplorer.WPF.csproj", "{08FBE33B-0B78-459A-9915-D763A6ADF020}"
EndProject
Project("{FAE04EC0-301F-11D3-BF4B-00C04F79EFBC}") = "TeensyBatExplorer.Core", "TeensyBatExplorer.Core\TeensyBatExplorer.Core.csproj", "{80B6C0CD-782F-449B-8AB9-B80E932D7CAB}"
EndProject
Global
	GlobalSection(SolutionConfigurationPlatforms) = preSolution
		Debug|Any CPU = Debug|Any CPU
		Release|Any CPU = Release|Any CPU
	EndGlobalSection
	GlobalSection(ProjectConfigurationPlatforms) = postSolution
		{08FBE33B-0B78-459A-9915-D763A6ADF020}.Debug|Any CPU.ActiveCfg = Debug|Any CPU
		{08FBE33B-0B78-459A-9915-D763A6ADF020}.Debug|Any CPU.Build.0 = Debug|Any CPU
		{08FBE33B-0B78-459A-9915-D763A6ADF020}.Release|Any CPU.ActiveCfg = Release|Any CPU
		{08FBE33B-0B78-459A-9915-D763A6ADF020}.Release|Any CPU.Build.0 = Release|Any CPU
		{80B6C0CD-782F-449B-8AB9-B80E932D7CAB}.Debug|Any CPU.ActiveCfg = Debug|Any CPU
		{80B6C0CD-782F-449B-8AB9-B80E932D7CAB}.Debug|Any CPU.Build.0 = Debug|Any CPU
		{80B6C0CD-782F-449B-8AB9-B80E932D7CAB}.Release|Any CPU.ActiveCfg = Release|Any CPU
		{80B6C0CD-782F-449B-8AB9-B80E932D7CAB}.Release|Any CPU.Build.0 = Release|Any CPU
	EndGlobalSection
	GlobalSection(SolutionProperties) = preSolution
		HideSolutionNode = FALSE
	EndGlobalSection
	GlobalSection(ExtensibilityGlobals) = postSolution
		SolutionGuid = {9AE4324C-F421-4854-B6E4-6586A4052DD9}
	EndGlobalSection
EndGlobal
